
Microsoft Visual Studio Solution File, Format Version 12.00
# Visual Studio 14
VisualStudioVersion = 14.0.25123.0
MinimumVisualStudioVersion = 10.0.40219.1
Project("{FAE04EC0-301F-11D3-BF4B-00C04F79EFBC}") = "Biblioteka", "Biblioteka\Biblioteka.csproj", "{7CB93C01-DA68-4F36-86E0-13EC8FEF18F3}"
EndProject
Project("{FAE04EC0-301F-11D3-BF4B-00C04F79EFBC}") = "Console", "Console\Console.csproj", "{95FC9FD2-BC36-4AF5-983B-44F24EB1122F}"
EndProject
Global
	GlobalSection(SolutionConfigurationPlatforms) = preSolution
		Debug|Any CPU = Debug|Any CPU
		Release|Any CPU = Release|Any CPU
	EndGlobalSection
	GlobalSection(ProjectConfigurationPlatforms) = postSolution
		{7CB93C01-DA68-4F36-86E0-13EC8FEF18F3}.Debug|Any CPU.ActiveCfg = Debug|Any CPU
		{7CB93C01-DA68-4F36-86E0-13EC8FEF18F3}.Debug|Any CPU.Build.0 = Debug|Any CPU
		{7CB93C01-DA68-4F36-86E0-13EC8FEF18F3}.Release|Any CPU.ActiveCfg = Release|Any CPU
		{7CB93C01-DA68-4F36-86E0-13EC8FEF18F3}.Release|Any CPU.Build.0 = Release|Any CPU
		{95FC9FD2-BC36-4AF5-983B-44F24EB1122F}.Debug|Any CPU.ActiveCfg = Debug|Any CPU
		{95FC9FD2-BC36-4AF5-983B-44F24EB1122F}.Debug|Any CPU.Build.0 = Debug|Any CPU
		{95FC9FD2-BC36-4AF5-983B-44F24EB1122F}.Release|Any CPU.ActiveCfg = Release|Any CPU
		{95FC9FD2-BC36-4AF5-983B-44F24EB1122F}.Release|Any CPU.Build.0 = Release|Any CPU
	EndGlobalSection
	GlobalSection(SolutionProperties) = preSolution
		HideSolutionNode = FALSE
	EndGlobalSection
EndGlobal
